{
  "name": "zuci-test",
  "version": "1.0.2",
  "lockfileVersion": 2,
  "requires": true,
  "packages": {
    "": {
      "name": "zuci-test",
      "version": "1.0.2",
      "license": "ISC",
      "bin": {
        "zuci": "bin/index.js"
      }
    },
    "../zuci-test-lib": {
      "version": "1.0.1",
      "extraneous": true,
      "license": "ISC"
    }
  }
}
